
Microsoft Visual Studio Solution File, Format Version 12.00
# Visual Studio Version 17
VisualStudioVersion = 17.6.33815.320
MinimumVisualStudioVersion = 10.0.40219.1
Project("{2150E333-8FDC-42A3-9474-1A3956D46DE8}") = "Tests", "Tests", "{A0A8FB9C-DF37-4822-90D7-30E27824A6AF}"
EndProject
Project("{2150E333-8FDC-42A3-9474-1A3956D46DE8}") = "Solution Items", "Solution Items", "{E30A4D13-26E7-473C-A51B-D641F3CDA27C}"
	ProjectSection(SolutionItems) = preProject
		.gitignore = .gitignore
		LICENSE = LICENSE
		README.md = README.md
	EndProjectSection
EndProject
Project("{9A19103F-16F7-4668-BE54-9A1E7A4F7556}") = "MondoCore.Azure.KeyVault", "MondoCore.Azure.KeyVault\MondoCore.Azure.KeyVault.csproj", "{CE3B7155-0593-4D62-9F5C-15216D1132CB}"
EndProject
Project("{9A19103F-16F7-4668-BE54-9A1E7A4F7556}") = "MondoCore.Azure.Storage", "MondoCore.Azure.Storage\MondoCore.Azure.Storage.csproj", "{C5965889-B3D1-4682-8313-12913279A59B}"
EndProject
Project("{9A19103F-16F7-4668-BE54-9A1E7A4F7556}") = "MondoCore.Azure.Storage.Queue", "MondoCore.Azure.Storage.Queue\MondoCore.Azure.Storage.Queue.csproj", "{310C1711-08A5-4686-A1D5-1E4A162B5BC1}"
EndProject
Project("{9A19103F-16F7-4668-BE54-9A1E7A4F7556}") = "MondoCore.Azure.KeyVault.FunctionalTests", "Tests\MondoCore.Azure.KeyVault.FunctionalTests\MondoCore.Azure.KeyVault.FunctionalTests.csproj", "{DB2F15CD-77E3-4112-B746-908FDBBBF365}"
EndProject
Project("{9A19103F-16F7-4668-BE54-9A1E7A4F7556}") = "MondoCore.Azure.Storage.FunctionalTests", "Tests\MondoCore.Azure.Storage.FunctionalTests\MondoCore.Azure.Storage.FunctionalTests.csproj", "{E0C3EC3C-C06F-4978-8ADC-B3CC737760E4}"
EndProject
Project("{9A19103F-16F7-4668-BE54-9A1E7A4F7556}") = "MondoCore.Azure.Storage.Queue.FunctionalTests", "Tests\MondoCore.Azure.Storage.Queue.FunctionalTests\MondoCore.Azure.Storage.Queue.FunctionalTests.csproj", "{AB17D9D7-A98C-4F01-AC65-EEFE82FE237E}"
EndProject
Project("{9A19103F-16F7-4668-BE54-9A1E7A4F7556}") = "TestHelpers", "Tests\TestHelpers\TestHelpers.csproj", "{BE6DC033-8B56-4103-8966-9F44039EA308}"
EndProject
Project("{9A19103F-16F7-4668-BE54-9A1E7A4F7556}") = "MondoCore.Azure.CosmosDB", "MondoCore.Azure.CosmosDB\MondoCore.Azure.CosmosDB.csproj", "{E5782A05-2D69-4575-AAE6-B3CB03507498}"
EndProject
Global
	GlobalSection(SolutionConfigurationPlatforms) = preSolution
		Debug|Any CPU = Debug|Any CPU
		Release|Any CPU = Release|Any CPU
	EndGlobalSection
	GlobalSection(ProjectConfigurationPlatforms) = postSolution
		{CE3B7155-0593-4D62-9F5C-15216D1132CB}.Debug|Any CPU.ActiveCfg = Debug|Any CPU
		{CE3B7155-0593-4D62-9F5C-15216D1132CB}.Debug|Any CPU.Build.0 = Debug|Any CPU
		{CE3B7155-0593-4D62-9F5C-15216D1132CB}.Release|Any CPU.ActiveCfg = Release|Any CPU
		{CE3B7155-0593-4D62-9F5C-15216D1132CB}.Release|Any CPU.Build.0 = Release|Any CPU
		{C5965889-B3D1-4682-8313-12913279A59B}.Debug|Any CPU.ActiveCfg = Debug|Any CPU
		{C5965889-B3D1-4682-8313-12913279A59B}.Debug|Any CPU.Build.0 = Debug|Any CPU
		{C5965889-B3D1-4682-8313-12913279A59B}.Release|Any CPU.ActiveCfg = Release|Any CPU
		{C5965889-B3D1-4682-8313-12913279A59B}.Release|Any CPU.Build.0 = Release|Any CPU
		{310C1711-08A5-4686-A1D5-1E4A162B5BC1}.Debug|Any CPU.ActiveCfg = Debug|Any CPU
		{310C1711-08A5-4686-A1D5-1E4A162B5BC1}.Debug|Any CPU.Build.0 = Debug|Any CPU
		{310C1711-08A5-4686-A1D5-1E4A162B5BC1}.Release|Any CPU.ActiveCfg = Release|Any CPU
		{310C1711-08A5-4686-A1D5-1E4A162B5BC1}.Release|Any CPU.Build.0 = Release|Any CPU
		{DB2F15CD-77E3-4112-B746-908FDBBBF365}.Debug|Any CPU.ActiveCfg = Debug|Any CPU
		{DB2F15CD-77E3-4112-B746-908FDBBBF365}.Debug|Any CPU.Build.0 = Debug|Any CPU
		{DB2F15CD-77E3-4112-B746-908FDBBBF365}.Release|Any CPU.ActiveCfg = Release|Any CPU
		{DB2F15CD-77E3-4112-B746-908FDBBBF365}.Release|Any CPU.Build.0 = Release|Any CPU
		{E0C3EC3C-C06F-4978-8ADC-B3CC737760E4}.Debug|Any CPU.ActiveCfg = Debug|Any CPU
		{E0C3EC3C-C06F-4978-8ADC-B3CC737760E4}.Debug|Any CPU.Build.0 = Debug|Any CPU
		{E0C3EC3C-C06F-4978-8ADC-B3CC737760E4}.Release|Any CPU.ActiveCfg = Release|Any CPU
		{E0C3EC3C-C06F-4978-8ADC-B3CC737760E4}.Release|Any CPU.Build.0 = Release|Any CPU
		{AB17D9D7-A98C-4F01-AC65-EEFE82FE237E}.Debug|Any CPU.ActiveCfg = Debug|Any CPU
		{AB17D9D7-A98C-4F01-AC65-EEFE82FE237E}.Debug|Any CPU.Build.0 = Debug|Any CPU
		{AB17D9D7-A98C-4F01-AC65-EEFE82FE237E}.Release|Any CPU.ActiveCfg = Release|Any CPU
		{AB17D9D7-A98C-4F01-AC65-EEFE82FE237E}.Release|Any CPU.Build.0 = Release|Any CPU
		{BE6DC033-8B56-4103-8966-9F44039EA308}.Debug|Any CPU.ActiveCfg = Debug|Any CPU
		{BE6DC033-8B56-4103-8966-9F44039EA308}.Debug|Any CPU.Build.0 = Debug|Any CPU
		{BE6DC033-8B56-4103-8966-9F44039EA308}.Release|Any CPU.ActiveCfg = Release|Any CPU
		{BE6DC033-8B56-4103-8966-9F44039EA308}.Release|Any CPU.Build.0 = Release|Any CPU
		{E5782A05-2D69-4575-AAE6-B3CB03507498}.Debug|Any CPU.ActiveCfg = Debug|Any CPU
		{E5782A05-2D69-4575-AAE6-B3CB03507498}.Debug|Any CPU.Build.0 = Debug|Any CPU
		{E5782A05-2D69-4575-AAE6-B3CB03507498}.Release|Any CPU.ActiveCfg = Release|Any CPU
		{E5782A05-2D69-4575-AAE6-B3CB03507498}.Release|Any CPU.Build.0 = Release|Any CPU
	EndGlobalSection
	GlobalSection(SolutionProperties) = preSolution
		HideSolutionNode = FALSE
	EndGlobalSection
	GlobalSection(NestedProjects) = preSolution
		{DB2F15CD-77E3-4112-B746-908FDBBBF365} = {A0A8FB9C-DF37-4822-90D7-30E27824A6AF}
		{E0C3EC3C-C06F-4978-8ADC-B3CC737760E4} = {A0A8FB9C-DF37-4822-90D7-30E27824A6AF}
		{AB17D9D7-A98C-4F01-AC65-EEFE82FE237E} = {A0A8FB9C-DF37-4822-90D7-30E27824A6AF}
		{BE6DC033-8B56-4103-8966-9F44039EA308} = {A0A8FB9C-DF37-4822-90D7-30E27824A6AF}
	EndGlobalSection
	GlobalSection(ExtensibilityGlobals) = postSolution
		SolutionGuid = {594BF05F-A3FE-4418-85B1-910F6386DC36}
	EndGlobalSection
EndGlobal
